
Microsoft Visual Studio Solution File, Format Version 12.00
# Visual Studio Version 17
VisualStudioVersion = 17.7.34018.315
MinimumVisualStudioVersion = 10.0.40219.1
Project("{FAE04EC0-301F-11D3-BF4B-00C04F79EFBC}") = "CalendarAnalyser.Core", "CalendarAnalyser.Core\CalendarAnalyser.Core.csproj", "{539A17DE-72DB-45DC-B932-8A3C52C89837}"
EndProject
Project("{FAE04EC0-301F-11D3-BF4B-00C04F79EFBC}") = "CalendarAnalyser.Core.Tests", "CalendarAnalyser.Core.Tests\CalendarAnalyser.Core.Tests.csproj", "{C06B8A60-0829-4B3A-8557-BE3F70B40DA6}"
EndProject
Global
	GlobalSection(SolutionConfigurationPlatforms) = preSolution
		Debug|Any CPU = Debug|Any CPU
		Release|Any CPU = Release|Any CPU
	EndGlobalSection
	GlobalSection(ProjectConfigurationPlatforms) = postSolution
		{539A17DE-72DB-45DC-B932-8A3C52C89837}.Debug|Any CPU.ActiveCfg = Debug|Any CPU
		{539A17DE-72DB-45DC-B932-8A3C52C89837}.Debug|Any CPU.Build.0 = Debug|Any CPU
		{539A17DE-72DB-45DC-B932-8A3C52C89837}.Release|Any CPU.ActiveCfg = Release|Any CPU
		{539A17DE-72DB-45DC-B932-8A3C52C89837}.Release|Any CPU.Build.0 = Release|Any CPU
		{C06B8A60-0829-4B3A-8557-BE3F70B40DA6}.Debug|Any CPU.ActiveCfg = Debug|Any CPU
		{C06B8A60-0829-4B3A-8557-BE3F70B40DA6}.Debug|Any CPU.Build.0 = Debug|Any CPU
		{C06B8A60-0829-4B3A-8557-BE3F70B40DA6}.Release|Any CPU.ActiveCfg = Release|Any CPU
		{C06B8A60-0829-4B3A-8557-BE3F70B40DA6}.Release|Any CPU.Build.0 = Release|Any CPU
	EndGlobalSection
	GlobalSection(SolutionProperties) = preSolution
		HideSolutionNode = FALSE
	EndGlobalSection
	GlobalSection(ExtensibilityGlobals) = postSolution
		SolutionGuid = {FF0978F3-93DD-4706-9415-38F1DDC16846}
	EndGlobalSection
EndGlobal
