
Microsoft Visual Studio Solution File, Format Version 12.00
# Visual Studio Version 17
VisualStudioVersion = 17.7.34018.315
MinimumVisualStudioVersion = 10.0.40219.1
Project("{9A19103F-16F7-4668-BE54-9A1E7A4F7556}") = "CalendarAnalyser.Core", "CalendarAnalyser.Core\CalendarAnalyser.Core.csproj", "{539A17DE-72DB-45DC-B932-8A3C52C89837}"
EndProject
Project("{9A19103F-16F7-4668-BE54-9A1E7A4F7556}") = "CalendarAnalyser.Core.Tests", "CalendarAnalyser.Core.Tests\CalendarAnalyser.Core.Tests.csproj", "{C06B8A60-0829-4B3A-8557-BE3F70B40DA6}"
EndProject
Project("{9A19103F-16F7-4668-BE54-9A1E7A4F7556}") = "CalendarAnalyser.Extensions.Configuration.YAML", "CalendarAnalyser.Extensions.Configuration.YAML\CalendarAnalyser.Extensions.Configuration.YAML.csproj", "{1DDC9327-C834-429C-85CB-D9697195E596}"
EndProject
Project("{2150E333-8FDC-42A3-9474-1A3956D46DE8}") = "Extensions", "Extensions", "{8BFEDB1B-4578-4C72-82BD-A9542EB7CF85}"
EndProject
Project("{9A19103F-16F7-4668-BE54-9A1E7A4F7556}") = "CalendarAnalyser.Extensions.Configuration.YAML.Tests", "CalendarAnalyser.Extensions.Configuration.YAML.Tests\CalendarAnalyser.Extensions.Configuration.YAML.Tests.csproj", "{A2839694-DFEB-4834-B8FD-E634689DBE6C}"
EndProject
Project("{FAE04EC0-301F-11D3-BF4B-00C04F79EFBC}") = "CalendarAnalyser.Extensions.Export.Excel", "CalendarAnalyser.Extensions.Export.Excel\CalendarAnalyser.Extensions.Export.Excel.csproj", "{83BB62CD-9FF8-4203-A859-DFECB935C2FA}"
EndProject
Project("{FAE04EC0-301F-11D3-BF4B-00C04F79EFBC}") = "CalendarAnalyser.Extensions.Export.Excel.Tests", "CalendarAnalyser.Extensions.Export.Excel.Tests\CalendarAnalyser.Extensions.Export.Excel.Tests.csproj", "{8F12E864-032A-4D23-B27A-E1E0CF096FE6}"
EndProject
Global
	GlobalSection(SolutionConfigurationPlatforms) = preSolution
		Debug|Any CPU = Debug|Any CPU
		Release|Any CPU = Release|Any CPU
	EndGlobalSection
	GlobalSection(ProjectConfigurationPlatforms) = postSolution
		{539A17DE-72DB-45DC-B932-8A3C52C89837}.Debug|Any CPU.ActiveCfg = Debug|Any CPU
		{539A17DE-72DB-45DC-B932-8A3C52C89837}.Debug|Any CPU.Build.0 = Debug|Any CPU
		{539A17DE-72DB-45DC-B932-8A3C52C89837}.Release|Any CPU.ActiveCfg = Release|Any CPU
		{539A17DE-72DB-45DC-B932-8A3C52C89837}.Release|Any CPU.Build.0 = Release|Any CPU
		{C06B8A60-0829-4B3A-8557-BE3F70B40DA6}.Debug|Any CPU.ActiveCfg = Debug|Any CPU
		{C06B8A60-0829-4B3A-8557-BE3F70B40DA6}.Debug|Any CPU.Build.0 = Debug|Any CPU
		{C06B8A60-0829-4B3A-8557-BE3F70B40DA6}.Release|Any CPU.ActiveCfg = Release|Any CPU
		{C06B8A60-0829-4B3A-8557-BE3F70B40DA6}.Release|Any CPU.Build.0 = Release|Any CPU
		{1DDC9327-C834-429C-85CB-D9697195E596}.Debug|Any CPU.ActiveCfg = Debug|Any CPU
		{1DDC9327-C834-429C-85CB-D9697195E596}.Debug|Any CPU.Build.0 = Debug|Any CPU
		{1DDC9327-C834-429C-85CB-D9697195E596}.Release|Any CPU.ActiveCfg = Release|Any CPU
		{1DDC9327-C834-429C-85CB-D9697195E596}.Release|Any CPU.Build.0 = Release|Any CPU
		{A2839694-DFEB-4834-B8FD-E634689DBE6C}.Debug|Any CPU.ActiveCfg = Debug|Any CPU
		{A2839694-DFEB-4834-B8FD-E634689DBE6C}.Debug|Any CPU.Build.0 = Debug|Any CPU
		{A2839694-DFEB-4834-B8FD-E634689DBE6C}.Release|Any CPU.ActiveCfg = Release|Any CPU
		{A2839694-DFEB-4834-B8FD-E634689DBE6C}.Release|Any CPU.Build.0 = Release|Any CPU
		{83BB62CD-9FF8-4203-A859-DFECB935C2FA}.Debug|Any CPU.ActiveCfg = Debug|Any CPU
		{83BB62CD-9FF8-4203-A859-DFECB935C2FA}.Debug|Any CPU.Build.0 = Debug|Any CPU
		{83BB62CD-9FF8-4203-A859-DFECB935C2FA}.Release|Any CPU.ActiveCfg = Release|Any CPU
		{83BB62CD-9FF8-4203-A859-DFECB935C2FA}.Release|Any CPU.Build.0 = Release|Any CPU
		{8F12E864-032A-4D23-B27A-E1E0CF096FE6}.Debug|Any CPU.ActiveCfg = Debug|Any CPU
		{8F12E864-032A-4D23-B27A-E1E0CF096FE6}.Debug|Any CPU.Build.0 = Debug|Any CPU
		{8F12E864-032A-4D23-B27A-E1E0CF096FE6}.Release|Any CPU.ActiveCfg = Release|Any CPU
		{8F12E864-032A-4D23-B27A-E1E0CF096FE6}.Release|Any CPU.Build.0 = Release|Any CPU
	EndGlobalSection
	GlobalSection(SolutionProperties) = preSolution
		HideSolutionNode = FALSE
	EndGlobalSection
	GlobalSection(NestedProjects) = preSolution
		{1DDC9327-C834-429C-85CB-D9697195E596} = {8BFEDB1B-4578-4C72-82BD-A9542EB7CF85}
		{A2839694-DFEB-4834-B8FD-E634689DBE6C} = {8BFEDB1B-4578-4C72-82BD-A9542EB7CF85}
		{83BB62CD-9FF8-4203-A859-DFECB935C2FA} = {8BFEDB1B-4578-4C72-82BD-A9542EB7CF85}
		{8F12E864-032A-4D23-B27A-E1E0CF096FE6} = {8BFEDB1B-4578-4C72-82BD-A9542EB7CF85}
	EndGlobalSection
	GlobalSection(ExtensibilityGlobals) = postSolution
		SolutionGuid = {FF0978F3-93DD-4706-9415-38F1DDC16846}
	EndGlobalSection
EndGlobal
